
Microsoft Visual Studio Solution File, Format Version 12.00
# Visual Studio 15
VisualStudioVersion = 15.0.27004.2009
MinimumVisualStudioVersion = 10.0.40219.1
Project("{FAE04EC0-301F-11D3-BF4B-00C04F79EFBC}") = "Assignment_01", "Assignment_01\Assignment_01.csproj", "{ED8EB965-445A-443B-A985-58447DDCE36E}"
EndProject
Project("{FAE04EC0-301F-11D3-BF4B-00C04F79EFBC}") = "Assignment_02", "Assignment_02\Assignment_02.csproj", "{1CFCD420-8F56-4C54-B8AD-B3C14DE98771}"
EndProject
Global
	GlobalSection(SolutionConfigurationPlatforms) = preSolution
		Debug|Any CPU = Debug|Any CPU
		Release|Any CPU = Release|Any CPU
	EndGlobalSection
	GlobalSection(ProjectConfigurationPlatforms) = postSolution
		{ED8EB965-445A-443B-A985-58447DDCE36E}.Debug|Any CPU.ActiveCfg = Debug|Any CPU
		{ED8EB965-445A-443B-A985-58447DDCE36E}.Debug|Any CPU.Build.0 = Debug|Any CPU
		{ED8EB965-445A-443B-A985-58447DDCE36E}.Release|Any CPU.ActiveCfg = Release|Any CPU
		{ED8EB965-445A-443B-A985-58447DDCE36E}.Release|Any CPU.Build.0 = Release|Any CPU
		{1CFCD420-8F56-4C54-B8AD-B3C14DE98771}.Debug|Any CPU.ActiveCfg = Debug|Any CPU
		{1CFCD420-8F56-4C54-B8AD-B3C14DE98771}.Debug|Any CPU.Build.0 = Debug|Any CPU
		{1CFCD420-8F56-4C54-B8AD-B3C14DE98771}.Release|Any CPU.ActiveCfg = Release|Any CPU
		{1CFCD420-8F56-4C54-B8AD-B3C14DE98771}.Release|Any CPU.Build.0 = Release|Any CPU
	EndGlobalSection
	GlobalSection(SolutionProperties) = preSolution
		HideSolutionNode = FALSE
	EndGlobalSection
	GlobalSection(ExtensibilityGlobals) = postSolution
		SolutionGuid = {3E2D5BA5-F7AD-47C5-93F9-A4457E442CB8}
	EndGlobalSection
EndGlobal
